
Microsoft Visual Studio Solution File, Format Version 12.00
# Visual Studio 14
VisualStudioVersion = 14.0.25420.1
MinimumVisualStudioVersion = 10.0.40219.1
Project("{2150E333-8FDC-42A3-9474-1A3956D46DE8}") = "src", "src", "{84407AE2-4396-4892-BF1C-F2E936A92053}"
EndProject
Project("{2150E333-8FDC-42A3-9474-1A3956D46DE8}") = "Solution Items", "Solution Items", "{40A8908C-DC15-4EB0-AA08-3DEE3E90E581}"
	ProjectSection(SolutionItems) = preProject
		global.json = global.json
		..\..\..\GitLab\luv\Crashes\NuGet.config = ..\..\..\GitLab\luv\Crashes\NuGet.config
	EndProjectSection
EndProject
Project("{8BB2217D-0F2D-49D1-97BC-3654ED321F3B}") = "Gerakul.HttpUtils.Core", "src\Gerakul.HttpUtils.Core\Gerakul.HttpUtils.Core.xproj", "{AD163DA4-4600-4739-9060-5F36683FACAF}"
EndProject
Project("{8BB2217D-0F2D-49D1-97BC-3654ED321F3B}") = "Gerakul.HttpUtils.Json", "src\Gerakul.HttpUtils.Json\Gerakul.HttpUtils.Json.xproj", "{5823B356-ED63-4417-8C49-05D01B2B5A23}"
EndProject
Project("{8BB2217D-0F2D-49D1-97BC-3654ED321F3B}") = "TestConsole", "test\TestConsole\TestConsole.xproj", "{5DD20163-F7B8-4296-A061-55DB07C5D5D2}"
EndProject
Project("{2150E333-8FDC-42A3-9474-1A3956D46DE8}") = "test", "test", "{7133E278-53B8-4C2F-8E19-9AED5A5AEDE1}"
EndProject
Global
	GlobalSection(SolutionConfigurationPlatforms) = preSolution
		Debug|Any CPU = Debug|Any CPU
		Release|Any CPU = Release|Any CPU
	EndGlobalSection
	GlobalSection(ProjectConfigurationPlatforms) = postSolution
		{AD163DA4-4600-4739-9060-5F36683FACAF}.Debug|Any CPU.ActiveCfg = Debug|Any CPU
		{AD163DA4-4600-4739-9060-5F36683FACAF}.Debug|Any CPU.Build.0 = Debug|Any CPU
		{AD163DA4-4600-4739-9060-5F36683FACAF}.Release|Any CPU.ActiveCfg = Release|Any CPU
		{AD163DA4-4600-4739-9060-5F36683FACAF}.Release|Any CPU.Build.0 = Release|Any CPU
		{5823B356-ED63-4417-8C49-05D01B2B5A23}.Debug|Any CPU.ActiveCfg = Debug|Any CPU
		{5823B356-ED63-4417-8C49-05D01B2B5A23}.Debug|Any CPU.Build.0 = Debug|Any CPU
		{5823B356-ED63-4417-8C49-05D01B2B5A23}.Release|Any CPU.ActiveCfg = Release|Any CPU
		{5823B356-ED63-4417-8C49-05D01B2B5A23}.Release|Any CPU.Build.0 = Release|Any CPU
		{5DD20163-F7B8-4296-A061-55DB07C5D5D2}.Debug|Any CPU.ActiveCfg = Debug|Any CPU
		{5DD20163-F7B8-4296-A061-55DB07C5D5D2}.Debug|Any CPU.Build.0 = Debug|Any CPU
		{5DD20163-F7B8-4296-A061-55DB07C5D5D2}.Release|Any CPU.ActiveCfg = Release|Any CPU
		{5DD20163-F7B8-4296-A061-55DB07C5D5D2}.Release|Any CPU.Build.0 = Release|Any CPU
	EndGlobalSection
	GlobalSection(SolutionProperties) = preSolution
		HideSolutionNode = FALSE
	EndGlobalSection
	GlobalSection(NestedProjects) = preSolution
		{AD163DA4-4600-4739-9060-5F36683FACAF} = {84407AE2-4396-4892-BF1C-F2E936A92053}
		{5823B356-ED63-4417-8C49-05D01B2B5A23} = {84407AE2-4396-4892-BF1C-F2E936A92053}
		{5DD20163-F7B8-4296-A061-55DB07C5D5D2} = {7133E278-53B8-4C2F-8E19-9AED5A5AEDE1}
	EndGlobalSection
EndGlobal
